{
  "requires": true,
  "lockfileVersion": 1,
  "dependencies": {
    "faker": {
      "version": "5.5.3",
      "resolved": "https://registry.npm.taobao.org/faker/download/faker-5.5.3.tgz",
      "integrity": "sha1-xXl07khEMbJSBcLI3An9qGHlHg4="
    },
    "lowdb": {
      "version": "2.1.0",
      "resolved": "https://registry.nlark.com/lowdb/download/lowdb-2.1.0.tgz",
      "integrity": "sha1-yAY+Iotas+CC7OkOBRJTfstuHio=",
      "requires": {
        "steno": "^1.0.0"
      }
    },
    "steno": {
      "version": "1.0.0",
      "resolved": "https://registry.nlark.com/steno/download/steno-1.0.0.tgz",
      "integrity": "sha1-R14yxgZuyXYCKeqvFVBgF2T77Lo="
    }
  }
}
